
Microsoft Visual Studio Solution File, Format Version 12.00
# Visual Studio Version 16
VisualStudioVersion = 16.0.31402.337
MinimumVisualStudioVersion = 10.0.40219.1
Project("{2150E333-8FDC-42A3-9474-1A3956D46DE8}") = "1ChallengeCafe", "1ChallengeCafe", "{1A78F839-59B4-4039-AD60-B21B2CE3BFA5}"
EndProject
Project("{2150E333-8FDC-42A3-9474-1A3956D46DE8}") = "2ChallengeClaims", "2ChallengeClaims", "{FFB2A60D-1268-4820-A611-940BEC0497AA}"
EndProject
Project("{2150E333-8FDC-42A3-9474-1A3956D46DE8}") = "3ChallengeBadges", "3ChallengeBadges", "{2BE1F182-026D-47C3-932F-38365C1E5CF1}"
EndProject
Project("{FAE04EC0-301F-11D3-BF4B-00C04F79EFBC}") = "CafeUI", "CafeUI\CafeUI.csproj", "{2F882375-A114-4228-B297-C15D88663E78}"
EndProject
Project("{FAE04EC0-301F-11D3-BF4B-00C04F79EFBC}") = "ClaimUI", "ClaimUI\ClaimUI.csproj", "{DADAC0CF-4790-47B9-AC0E-CF826736E93D}"
EndProject
Project("{FAE04EC0-301F-11D3-BF4B-00C04F79EFBC}") = "BadgeUI", "BadgeUI\BadgeUI.csproj", "{600F619F-6AD0-4E6F-B28E-41B661D6EA3F}"
EndProject
Project("{FAE04EC0-301F-11D3-BF4B-00C04F79EFBC}") = "CafeREPO", "CafeREPO\CafeREPO.csproj", "{C123E078-22A6-4B7D-B19E-DB117EC5A41A}"
EndProject
Project("{FAE04EC0-301F-11D3-BF4B-00C04F79EFBC}") = "ClaimREPO", "ClaimREPO\ClaimREPO.csproj", "{0625C441-4A67-43FA-8C2A-CC5F7AB6EC73}"
EndProject
Project("{FAE04EC0-301F-11D3-BF4B-00C04F79EFBC}") = "BadgeREPO", "BadgeREPO\BadgeREPO.csproj", "{B60D26FF-13F3-4CE7-9002-0A8683B2FAE3}"
EndProject
Project("{FAE04EC0-301F-11D3-BF4B-00C04F79EFBC}") = "CafeTEST", "CafeTEST\CafeTEST.csproj", "{40254E46-5792-4EBA-8C0E-231A89573366}"
EndProject
Project("{FAE04EC0-301F-11D3-BF4B-00C04F79EFBC}") = "ClaimsTEST", "ClaimsTEST\ClaimsTEST.csproj", "{4E2F060C-2148-4F68-A7B9-BB8165F4F4FA}"
EndProject
Project("{FAE04EC0-301F-11D3-BF4B-00C04F79EFBC}") = "BadgeTEST", "BadgeTEST\BadgeTEST.csproj", "{68F65A7F-1884-4A1A-89FE-38077E740734}"
EndProject
Project("{FAE04EC0-301F-11D3-BF4B-00C04F79EFBC}") = "MenuItemClass", "MenuItem\MenuItemClass.csproj", "{7FD83CF5-2ED3-462B-804A-5F92DABFF5F2}"
EndProject
Project("{FAE04EC0-301F-11D3-BF4B-00C04F79EFBC}") = "ClaimClass", "Claim\ClaimClass.csproj", "{55C85949-1CEE-4326-8E03-C479B3A31EEC}"
EndProject
Project("{FAE04EC0-301F-11D3-BF4B-00C04F79EFBC}") = "BadgeClass", "Badge\BadgeClass.csproj", "{65B644E3-1222-4CC5-9D2E-3CF224F2DB79}"
EndProject
Global
	GlobalSection(SolutionConfigurationPlatforms) = preSolution
		Debug|Any CPU = Debug|Any CPU
		Release|Any CPU = Release|Any CPU
	EndGlobalSection
	GlobalSection(ProjectConfigurationPlatforms) = postSolution
		{2F882375-A114-4228-B297-C15D88663E78}.Debug|Any CPU.ActiveCfg = Debug|Any CPU
		{2F882375-A114-4228-B297-C15D88663E78}.Debug|Any CPU.Build.0 = Debug|Any CPU
		{2F882375-A114-4228-B297-C15D88663E78}.Release|Any CPU.ActiveCfg = Release|Any CPU
		{2F882375-A114-4228-B297-C15D88663E78}.Release|Any CPU.Build.0 = Release|Any CPU
		{DADAC0CF-4790-47B9-AC0E-CF826736E93D}.Debug|Any CPU.ActiveCfg = Debug|Any CPU
		{DADAC0CF-4790-47B9-AC0E-CF826736E93D}.Debug|Any CPU.Build.0 = Debug|Any CPU
		{DADAC0CF-4790-47B9-AC0E-CF826736E93D}.Release|Any CPU.ActiveCfg = Release|Any CPU
		{DADAC0CF-4790-47B9-AC0E-CF826736E93D}.Release|Any CPU.Build.0 = Release|Any CPU
		{600F619F-6AD0-4E6F-B28E-41B661D6EA3F}.Debug|Any CPU.ActiveCfg = Debug|Any CPU
		{600F619F-6AD0-4E6F-B28E-41B661D6EA3F}.Debug|Any CPU.Build.0 = Debug|Any CPU
		{600F619F-6AD0-4E6F-B28E-41B661D6EA3F}.Release|Any CPU.ActiveCfg = Release|Any CPU
		{600F619F-6AD0-4E6F-B28E-41B661D6EA3F}.Release|Any CPU.Build.0 = Release|Any CPU
		{C123E078-22A6-4B7D-B19E-DB117EC5A41A}.Debug|Any CPU.ActiveCfg = Debug|Any CPU
		{C123E078-22A6-4B7D-B19E-DB117EC5A41A}.Debug|Any CPU.Build.0 = Debug|Any CPU
		{C123E078-22A6-4B7D-B19E-DB117EC5A41A}.Release|Any CPU.ActiveCfg = Release|Any CPU
		{C123E078-22A6-4B7D-B19E-DB117EC5A41A}.Release|Any CPU.Build.0 = Release|Any CPU
		{0625C441-4A67-43FA-8C2A-CC5F7AB6EC73}.Debug|Any CPU.ActiveCfg = Debug|Any CPU
		{0625C441-4A67-43FA-8C2A-CC5F7AB6EC73}.Debug|Any CPU.Build.0 = Debug|Any CPU
		{0625C441-4A67-43FA-8C2A-CC5F7AB6EC73}.Release|Any CPU.ActiveCfg = Release|Any CPU
		{0625C441-4A67-43FA-8C2A-CC5F7AB6EC73}.Release|Any CPU.Build.0 = Release|Any CPU
		{B60D26FF-13F3-4CE7-9002-0A8683B2FAE3}.Debug|Any CPU.ActiveCfg = Debug|Any CPU
		{B60D26FF-13F3-4CE7-9002-0A8683B2FAE3}.Debug|Any CPU.Build.0 = Debug|Any CPU
		{B60D26FF-13F3-4CE7-9002-0A8683B2FAE3}.Release|Any CPU.ActiveCfg = Release|Any CPU
		{B60D26FF-13F3-4CE7-9002-0A8683B2FAE3}.Release|Any CPU.Build.0 = Release|Any CPU
		{40254E46-5792-4EBA-8C0E-231A89573366}.Debug|Any CPU.ActiveCfg = Debug|Any CPU
		{40254E46-5792-4EBA-8C0E-231A89573366}.Debug|Any CPU.Build.0 = Debug|Any CPU
		{40254E46-5792-4EBA-8C0E-231A89573366}.Release|Any CPU.ActiveCfg = Release|Any CPU
		{40254E46-5792-4EBA-8C0E-231A89573366}.Release|Any CPU.Build.0 = Release|Any CPU
		{4E2F060C-2148-4F68-A7B9-BB8165F4F4FA}.Debug|Any CPU.ActiveCfg = Debug|Any CPU
		{4E2F060C-2148-4F68-A7B9-BB8165F4F4FA}.Debug|Any CPU.Build.0 = Debug|Any CPU
		{4E2F060C-2148-4F68-A7B9-BB8165F4F4FA}.Release|Any CPU.ActiveCfg = Release|Any CPU
		{4E2F060C-2148-4F68-A7B9-BB8165F4F4FA}.Release|Any CPU.Build.0 = Release|Any CPU
		{68F65A7F-1884-4A1A-89FE-38077E740734}.Debug|Any CPU.ActiveCfg = Debug|Any CPU
		{68F65A7F-1884-4A1A-89FE-38077E740734}.Debug|Any CPU.Build.0 = Debug|Any CPU
		{68F65A7F-1884-4A1A-89FE-38077E740734}.Release|Any CPU.ActiveCfg = Release|Any CPU
		{68F65A7F-1884-4A1A-89FE-38077E740734}.Release|Any CPU.Build.0 = Release|Any CPU
		{7FD83CF5-2ED3-462B-804A-5F92DABFF5F2}.Debug|Any CPU.ActiveCfg = Debug|Any CPU
		{7FD83CF5-2ED3-462B-804A-5F92DABFF5F2}.Debug|Any CPU.Build.0 = Debug|Any CPU
		{7FD83CF5-2ED3-462B-804A-5F92DABFF5F2}.Release|Any CPU.ActiveCfg = Release|Any CPU
		{7FD83CF5-2ED3-462B-804A-5F92DABFF5F2}.Release|Any CPU.Build.0 = Release|Any CPU
		{55C85949-1CEE-4326-8E03-C479B3A31EEC}.Debug|Any CPU.ActiveCfg = Debug|Any CPU
		{55C85949-1CEE-4326-8E03-C479B3A31EEC}.Debug|Any CPU.Build.0 = Debug|Any CPU
		{55C85949-1CEE-4326-8E03-C479B3A31EEC}.Release|Any CPU.ActiveCfg = Release|Any CPU
		{55C85949-1CEE-4326-8E03-C479B3A31EEC}.Release|Any CPU.Build.0 = Release|Any CPU
		{65B644E3-1222-4CC5-9D2E-3CF224F2DB79}.Debug|Any CPU.ActiveCfg = Debug|Any CPU
		{65B644E3-1222-4CC5-9D2E-3CF224F2DB79}.Debug|Any CPU.Build.0 = Debug|Any CPU
		{65B644E3-1222-4CC5-9D2E-3CF224F2DB79}.Release|Any CPU.ActiveCfg = Release|Any CPU
		{65B644E3-1222-4CC5-9D2E-3CF224F2DB79}.Release|Any CPU.Build.0 = Release|Any CPU
	EndGlobalSection
	GlobalSection(SolutionProperties) = preSolution
		HideSolutionNode = FALSE
	EndGlobalSection
	GlobalSection(NestedProjects) = preSolution
		{2F882375-A114-4228-B297-C15D88663E78} = {1A78F839-59B4-4039-AD60-B21B2CE3BFA5}
		{DADAC0CF-4790-47B9-AC0E-CF826736E93D} = {FFB2A60D-1268-4820-A611-940BEC0497AA}
		{600F619F-6AD0-4E6F-B28E-41B661D6EA3F} = {2BE1F182-026D-47C3-932F-38365C1E5CF1}
		{C123E078-22A6-4B7D-B19E-DB117EC5A41A} = {1A78F839-59B4-4039-AD60-B21B2CE3BFA5}
		{0625C441-4A67-43FA-8C2A-CC5F7AB6EC73} = {FFB2A60D-1268-4820-A611-940BEC0497AA}
		{B60D26FF-13F3-4CE7-9002-0A8683B2FAE3} = {2BE1F182-026D-47C3-932F-38365C1E5CF1}
		{40254E46-5792-4EBA-8C0E-231A89573366} = {1A78F839-59B4-4039-AD60-B21B2CE3BFA5}
		{4E2F060C-2148-4F68-A7B9-BB8165F4F4FA} = {FFB2A60D-1268-4820-A611-940BEC0497AA}
		{68F65A7F-1884-4A1A-89FE-38077E740734} = {2BE1F182-026D-47C3-932F-38365C1E5CF1}
		{7FD83CF5-2ED3-462B-804A-5F92DABFF5F2} = {1A78F839-59B4-4039-AD60-B21B2CE3BFA5}
		{55C85949-1CEE-4326-8E03-C479B3A31EEC} = {FFB2A60D-1268-4820-A611-940BEC0497AA}
		{65B644E3-1222-4CC5-9D2E-3CF224F2DB79} = {2BE1F182-026D-47C3-932F-38365C1E5CF1}
	EndGlobalSection
	GlobalSection(ExtensibilityGlobals) = postSolution
		SolutionGuid = {E2309E78-5243-4B8E-A743-74196064E2DE}
	EndGlobalSection
EndGlobal
